
Microsoft Visual Studio Solution File, Format Version 12.00
# Visual Studio Version 16
VisualStudioVersion = 16.0.30523.141
MinimumVisualStudioVersion = 10.0.40219.1
Project("{FAE04EC0-301F-11D3-BF4B-00C04F79EFBC}") = "vidly", "vidly.csproj", "{17E354C5-F8BD-457B-9EE7-CF1AC81EADB3}"
EndProject
Global
	GlobalSection(SolutionConfigurationPlatforms) = preSolution
		Debug|Any CPU = Debug|Any CPU
		Release|Any CPU = Release|Any CPU
	EndGlobalSection
	GlobalSection(ProjectConfigurationPlatforms) = postSolution
		{17E354C5-F8BD-457B-9EE7-CF1AC81EADB3}.Debug|Any CPU.ActiveCfg = Debug|Any CPU
		{17E354C5-F8BD-457B-9EE7-CF1AC81EADB3}.Debug|Any CPU.Build.0 = Debug|Any CPU
		{17E354C5-F8BD-457B-9EE7-CF1AC81EADB3}.Release|Any CPU.ActiveCfg = Release|Any CPU
		{17E354C5-F8BD-457B-9EE7-CF1AC81EADB3}.Release|Any CPU.Build.0 = Release|Any CPU
	EndGlobalSection
	GlobalSection(SolutionProperties) = preSolution
		HideSolutionNode = FALSE
	EndGlobalSection
	GlobalSection(ExtensibilityGlobals) = postSolution
		SolutionGuid = {3737883C-B7A8-45B8-BAB7-2E224BF2BAC6}
	EndGlobalSection
EndGlobal
